
Microsoft Visual Studio Solution File, Format Version 12.00
# Visual Studio Version 17
VisualStudioVersion = 17.0.31710.8
MinimumVisualStudioVersion = 10.0.40219.1
Project("{9A19103F-16F7-4668-BE54-9A1E7A4F7556}") = "console.vault", "console.vault.csproj", "{BED48B52-7715-4E61-A212-9932D481CC59}"
EndProject
Global
	GlobalSection(SolutionConfigurationPlatforms) = preSolution
		Debug|Any CPU = Debug|Any CPU
		Release|Any CPU = Release|Any CPU
	EndGlobalSection
	GlobalSection(ProjectConfigurationPlatforms) = postSolution
		{BED48B52-7715-4E61-A212-9932D481CC59}.Debug|Any CPU.ActiveCfg = Debug|Any CPU
		{BED48B52-7715-4E61-A212-9932D481CC59}.Debug|Any CPU.Build.0 = Debug|Any CPU
		{BED48B52-7715-4E61-A212-9932D481CC59}.Release|Any CPU.ActiveCfg = Release|Any CPU
		{BED48B52-7715-4E61-A212-9932D481CC59}.Release|Any CPU.Build.0 = Release|Any CPU
	EndGlobalSection
	GlobalSection(SolutionProperties) = preSolution
		HideSolutionNode = FALSE
	EndGlobalSection
	GlobalSection(ExtensibilityGlobals) = postSolution
		SolutionGuid = {E9A15B08-BF1D-43FA-B0E5-95D6CC03EE68}
	EndGlobalSection
EndGlobal
